// !$*UTF8*$!
{
	archiveVersion = 1;
	classes = {
	};
	objectVersion = 50;
	objects = {

/* Begin PBXBuildFile section */
		6ED5B26B9ACA9D7C77856D31 /* Pods_blooddonation.framework in Frameworks */ = {isa = PBXBuildFile; fileRef = 50FE0B964136730529E7C359 /* Pods_blooddonation.framework */; };
		A9406EFF228B9C22006C6805 /* (null) in Sources */ = {isa = PBXBuildFile; };
		A958F61E22979177008CA1A1 /* SurveyForthQuestionViewController.swift in Sources */ = {isa = PBXBuildFile; fileRef = A958F61D22979177008CA1A1 /* SurveyForthQuestionViewController.swift */; };
		A958F6202297918C008CA1A1 /* SurveyFifthQuestionViewController.swift in Sources */ = {isa = PBXBuildFile; fileRef = A958F61F2297918C008CA1A1 /* SurveyFifthQuestionViewController.swift */; };
		A97CEDA322666E0F008C674F /* AppDelegate.swift in Sources */ = {isa = PBXBuildFile; fileRef = A97CEDA222666E0F008C674F /* AppDelegate.swift */; };
		A97CEDA522666E0F008C674F /* ViewController.swift in Sources */ = {isa = PBXBuildFile; fileRef = A97CEDA422666E0F008C674F /* ViewController.swift */; };
		A97CEDA822666E0F008C674F /* Main.storyboard in Resources */ = {isa = PBXBuildFile; fileRef = A97CEDA622666E0F008C674F /* Main.storyboard */; };
		A97CEDAA22666E12008C674F /* Assets.xcassets in Resources */ = {isa = PBXBuildFile; fileRef = A97CEDA922666E12008C674F /* Assets.xcassets */; };
		A97CEDAD22666E12008C674F /* LaunchScreen.storyboard in Resources */ = {isa = PBXBuildFile; fileRef = A97CEDAB22666E12008C674F /* LaunchScreen.storyboard */; };
		A97CEDB822666E12008C674F /* blooddonationTests.swift in Sources */ = {isa = PBXBuildFile; fileRef = A97CEDB722666E12008C674F /* blooddonationTests.swift */; };
		A97CEDC322666E12008C674F /* blooddonationUITests.swift in Sources */ = {isa = PBXBuildFile; fileRef = A97CEDC222666E12008C674F /* blooddonationUITests.swift */; };
		A9A68CD82289DAE400A90C94 /* RequstsViewController.swift in Sources */ = {isa = PBXBuildFile; fileRef = A9A68CD72289DAE400A90C94 /* RequstsViewController.swift */; };
		A9A68CDA2289E7B700A90C94 /* Request.swift in Sources */ = {isa = PBXBuildFile; fileRef = A9A68CD92289E7B700A90C94 /* Request.swift */; };
		A9B373292285177900D055DD /* RequestService.swift in Sources */ = {isa = PBXBuildFile; fileRef = A9B373282285177900D055DD /* RequestService.swift */; };
		A9B3732B22851A7B00D055DD /* RequestBloodController.swift in Sources */ = {isa = PBXBuildFile; fileRef = A9B3732A22851A7B00D055DD /* RequestBloodController.swift */; };
		A9CA74F82271FF2400524493 /* LoginViewController.swift in Sources */ = {isa = PBXBuildFile; fileRef = A9CA74F72271FF2400524493 /* LoginViewController.swift */; };
		A9CA74FD2272148F00524493 /* User.swift in Sources */ = {isa = PBXBuildFile; fileRef = A9CA74FC2272148F00524493 /* User.swift */; };
		A9CA74FF22721E4D00524493 /* BecomeDonorViewController.swift in Sources */ = {isa = PBXBuildFile; fileRef = A9CA74FE22721E4D00524493 /* BecomeDonorViewController.swift */; };
		A9CA750222721EDD00524493 /* blooddonation.xcdatamodeld in Sources */ = {isa = PBXBuildFile; fileRef = A9CA750022721EDD00524493 /* blooddonation.xcdatamodeld */; };
		A9CA750522727DC700524493 /* DonorService.swift in Sources */ = {isa = PBXBuildFile; fileRef = A9CA750422727DC700524493 /* DonorService.swift */; };
		A9CA750822727E3900524493 /* Utility.swift in Sources */ = {isa = PBXBuildFile; fileRef = A9CA750722727E3900524493 /* Utility.swift */; };
		A9CA750A2273031000524493 /* MapViewController.swift in Sources */ = {isa = PBXBuildFile; fileRef = A9CA75092273031000524493 /* MapViewController.swift */; };
		A9CA750C2273143F00524493 /* CenterService.swift in Sources */ = {isa = PBXBuildFile; fileRef = A9CA750B2273143F00524493 /* CenterService.swift */; };
		A9DF1047229762EC00FA3DB2 /* SurveyFirstQuestionViewController.swift in Sources */ = {isa = PBXBuildFile; fileRef = A9DF1046229762EC00FA3DB2 /* SurveyFirstQuestionViewController.swift */; };
		A9DF10492297645500FA3DB2 /* SurveySecondQuestionViewController.swift in Sources */ = {isa = PBXBuildFile; fileRef = A9DF10482297645500FA3DB2 /* SurveySecondQuestionViewController.swift */; };
		A9DF104B2297646C00FA3DB2 /* SurveyThirdQuestionViewController.swift in Sources */ = {isa = PBXBuildFile; fileRef = A9DF104A2297646C00FA3DB2 /* SurveyThirdQuestionViewController.swift */; };
		A9DF104D2297695200FA3DB2 /* MoreViewController.swift in Sources */ = {isa = PBXBuildFile; fileRef = A9DF104C2297695200FA3DB2 /* MoreViewController.swift */; };
		B9F072F2EF074E4104ABC055 /* Pods_blooddonationUITests.framework in Frameworks */ = {isa = PBXBuildFile; fileRef = C4CD9D218E568AA541757D16 /* Pods_blooddonationUITests.framework */; };
		CE44CA3822722CB100FA6DDB /* Post.swift in Sources */ = {isa = PBXBuildFile; fileRef = CE44CA3722722CB100FA6DDB /* Post.swift */; };
		CE44CA3B22722E6800FA6DDB /* UIPostCell.swift in Sources */ = {isa = PBXBuildFile; fileRef = CE44CA3A22722E6800FA6DDB /* UIPostCell.swift */; };
		CE44CA3D2272498500FA6DDB /* HomeController.swift in Sources */ = {isa = PBXBuildFile; fileRef = CE44CA3C2272498500FA6DDB /* HomeController.swift */; };
		CE44CA3F2272AC2E00FA6DDB /* AddPostController.swift in Sources */ = {isa = PBXBuildFile; fileRef = CE44CA3E2272AC2E00FA6DDB /* AddPostController.swift */; };
		CEFFE45A228B84B50016674C /* MessageCell.swift in Sources */ = {isa = PBXBuildFile; fileRef = CEFFE457228B84B50016674C /* MessageCell.swift */; };
		CEFFE45B228B84B50016674C /* RecieverCell.swift in Sources */ = {isa = PBXBuildFile; fileRef = CEFFE458228B84B50016674C /* RecieverCell.swift */; };
		CEFFE45C228B84B50016674C /* ChatController.swift in Sources */ = {isa = PBXBuildFile; fileRef = CEFFE459228B84B50016674C /* ChatController.swift */; };
		CEFFE45E228B84D10016674C /* Message.swift in Sources */ = {isa = PBXBuildFile; fileRef = CEFFE45D228B84D10016674C /* Message.swift */; };
		CEFFE4AD228B89480016674C /* GoogleService-Info.plist in Resources */ = {isa = PBXBuildFile; fileRef = CEFFE4AC228B89480016674C /* GoogleService-Info.plist */; };
		F3451C3C643C4A4BADBCB2D7 /* Pods_blooddonationTests.framework in Frameworks */ = {isa = PBXBuildFile; fileRef = A0362A3C054AF7491E284D3B /* Pods_blooddonationTests.framework */; };
/* End PBXBuildFile section */

/* Begin PBXContainerItemProxy section */
		A97CEDB422666E12008C674F /* PBXContainerItemProxy */ = {
			isa = PBXContainerItemProxy;
			containerPortal = A97CED9722666E0F008C674F /* Project object */;
			proxyType = 1;
			remoteGlobalIDString = A97CED9E22666E0F008C674F;
			remoteInfo = blooddonation;
		};
		A97CEDBF22666E12008C674F /* PBXContainerItemProxy */ = {
			isa = PBXContainerItemProxy;
			containerPortal = A97CED9722666E0F008C674F /* Project object */;
			proxyType = 1;
			remoteGlobalIDString = A97CED9E22666E0F008C674F;
			remoteInfo = blooddonation;
		};
/* End PBXContainerItemProxy section */

/* Begin PBXFileReference section */
		0942F1B2CF14FFCD23F46DC0 /* Pods-blooddonation.debug.xcconfig */ = {isa = PBXFileReference; includeInIndex = 1; lastKnownFileType = text.xcconfig; name = "Pods-blooddonation.debug.xcconfig"; path = "Target Support Files/Pods-blooddonation/Pods-blooddonation.debug.xcconfig"; sourceTree = "<group>"; };
		50FE0B964136730529E7C359 /* Pods_blooddonation.framework */ = {isa = PBXFileReference; explicitFileType = wrapper.framework; includeInIndex = 0; path = Pods_blooddonation.framework; sourceTree = BUILT_PRODUCTS_DIR; };
		58B8F8E987BABBE6AA15F9A4 /* Pods-blooddonationUITests.release.xcconfig */ = {isa = PBXFileReference; includeInIndex = 1; lastKnownFileType = text.xcconfig; name = "Pods-blooddonationUITests.release.xcconfig"; path = "Target Support Files/Pods-blooddonationUITests/Pods-blooddonationUITests.release.xcconfig"; sourceTree = "<group>"; };
		8CD19682EF092C3447511129 /* Pods-blooddonation.release.xcconfig */ = {isa = PBXFileReference; includeInIndex = 1; lastKnownFileType = text.xcconfig; name = "Pods-blooddonation.release.xcconfig"; path = "Target Support Files/Pods-blooddonation/Pods-blooddonation.release.xcconfig"; sourceTree = "<group>"; };
		A0362A3C054AF7491E284D3B /* Pods_blooddonationTests.framework */ = {isa = PBXFileReference; explicitFileType = wrapper.framework; includeInIndex = 0; path = Pods_blooddonationTests.framework; sourceTree = BUILT_PRODUCTS_DIR; };
		A958F61D22979177008CA1A1 /* SurveyForthQuestionViewController.swift */ = {isa = PBXFileReference; lastKnownFileType = sourcecode.swift; path = SurveyForthQuestionViewController.swift; sourceTree = "<group>"; };
		A958F61F2297918C008CA1A1 /* SurveyFifthQuestionViewController.swift */ = {isa = PBXFileReference; lastKnownFileType = sourcecode.swift; path = SurveyFifthQuestionViewController.swift; sourceTree = "<group>"; };
		A97CED9F22666E0F008C674F /* blooddonation.app */ = {isa = PBXFileReference; explicitFileType = wrapper.application; includeInIndex = 0; path = blooddonation.app; sourceTree = BUILT_PRODUCTS_DIR; };
		A97CEDA222666E0F008C674F /* AppDelegate.swift */ = {isa = PBXFileReference; lastKnownFileType = sourcecode.swift; path = AppDelegate.swift; sourceTree = "<group>"; };
		A97CEDA422666E0F008C674F /* ViewController.swift */ = {isa = PBXFileReference; lastKnownFileType = sourcecode.swift; path = ViewController.swift; sourceTree = "<group>"; };
		A97CEDA722666E0F008C674F /* Base */ = {isa = PBXFileReference; lastKnownFileType = file.storyboard; name = Base; path = Base.lproj/Main.storyboard; sourceTree = "<group>"; };
		A97CEDA922666E12008C674F /* Assets.xcassets */ = {isa = PBXFileReference; lastKnownFileType = folder.assetcatalog; path = Assets.xcassets; sourceTree = "<group>"; };
		A97CEDAC22666E12008C674F /* Base */ = {isa = PBXFileReference; lastKnownFileType = file.storyboard; name = Base; path = Base.lproj/LaunchScreen.storyboard; sourceTree = "<group>"; };
		A97CEDAE22666E12008C674F /* Info.plist */ = {isa = PBXFileReference; lastKnownFileType = text.plist.xml; path = Info.plist; sourceTree = "<group>"; };
		A97CEDB322666E12008C674F /* blooddonationTests.xctest */ = {isa = PBXFileReference; explicitFileType = wrapper.cfbundle; includeInIndex = 0; path = blooddonationTests.xctest; sourceTree = BUILT_PRODUCTS_DIR; };
		A97CEDB722666E12008C674F /* blooddonationTests.swift */ = {isa = PBXFileReference; lastKnownFileType = sourcecode.swift; path = blooddonationTests.swift; sourceTree = "<group>"; };
		A97CEDB922666E12008C674F /* Info.plist */ = {isa = PBXFileReference; lastKnownFileType = text.plist.xml; path = Info.plist; sourceTree = "<group>"; };
		A97CEDBE22666E12008C674F /* blooddonationUITests.xctest */ = {isa = PBXFileReference; explicitFileType = wrapper.cfbundle; includeInIndex = 0; path = blooddonationUITests.xctest; sourceTree = BUILT_PRODUCTS_DIR; };
		A97CEDC222666E12008C674F /* blooddonationUITests.swift */ = {isa = PBXFileReference; lastKnownFileType = sourcecode.swift; path = blooddonationUITests.swift; sourceTree = "<group>"; };
		A97CEDC422666E12008C674F /* Info.plist */ = {isa = PBXFileReference; lastKnownFileType = text.plist.xml; path = Info.plist; sourceTree = "<group>"; };
		A9A68CD72289DAE400A90C94 /* RequstsViewController.swift */ = {isa = PBXFileReference; lastKnownFileType = sourcecode.swift; path = RequstsViewController.swift; sourceTree = "<group>"; };
		A9A68CD92289E7B700A90C94 /* Request.swift */ = {isa = PBXFileReference; lastKnownFileType = sourcecode.swift; path = Request.swift; sourceTree = "<group>"; };
		A9B373282285177900D055DD /* RequestService.swift */ = {isa = PBXFileReference; lastKnownFileType = sourcecode.swift; path = RequestService.swift; sourceTree = "<group>"; };
		A9B3732A22851A7B00D055DD /* RequestBloodController.swift */ = {isa = PBXFileReference; lastKnownFileType = sourcecode.swift; path = RequestBloodController.swift; sourceTree = "<group>"; };
		A9CA74F72271FF2400524493 /* LoginViewController.swift */ = {isa = PBXFileReference; lastKnownFileType = sourcecode.swift; path = LoginViewController.swift; sourceTree = "<group>"; };
		A9CA74FC2272148F00524493 /* User.swift */ = {isa = PBXFileReference; lastKnownFileType = sourcecode.swift; path = User.swift; sourceTree = "<group>"; };
		A9CA74FE22721E4D00524493 /* BecomeDonorViewController.swift */ = {isa = PBXFileReference; lastKnownFileType = sourcecode.swift; path = BecomeDonorViewController.swift; sourceTree = "<group>"; };
		A9CA750122721EDD00524493 /* blooddonation.xcdatamodel */ = {isa = PBXFileReference; lastKnownFileType = wrapper.xcdatamodel; path = blooddonation.xcdatamodel; sourceTree = "<group>"; };
		A9CA750422727DC700524493 /* DonorService.swift */ = {isa = PBXFileReference; lastKnownFileType = sourcecode.swift; path = DonorService.swift; sourceTree = "<group>"; };
		A9CA750722727E3900524493 /* Utility.swift */ = {isa = PBXFileReference; lastKnownFileType = sourcecode.swift; path = Utility.swift; sourceTree = "<group>"; };
		A9CA75092273031000524493 /* MapViewController.swift */ = {isa = PBXFileReference; lastKnownFileType = sourcecode.swift; path = MapViewController.swift; sourceTree = "<group>"; };
		A9CA750B2273143F00524493 /* CenterService.swift */ = {isa = PBXFileReference; lastKnownFileType = sourcecode.swift; path = CenterService.swift; sourceTree = "<group>"; };
		A9DF1046229762EC00FA3DB2 /* SurveyFirstQuestionViewController.swift */ = {isa = PBXFileReference; lastKnownFileType = sourcecode.swift; name = SurveyFirstQuestionViewController.swift; path = ../SurveyFirstQuestionViewController.swift; sourceTree = "<group>"; };
		A9DF10482297645500FA3DB2 /* SurveySecondQuestionViewController.swift */ = {isa = PBXFileReference; lastKnownFileType = sourcecode.swift; path = SurveySecondQuestionViewController.swift; sourceTree = "<group>"; };
		A9DF104A2297646C00FA3DB2 /* SurveyThirdQuestionViewController.swift */ = {isa = PBXFileReference; lastKnownFileType = sourcecode.swift; path = SurveyThirdQuestionViewController.swift; sourceTree = "<group>"; };
		A9DF104C2297695200FA3DB2 /* MoreViewController.swift */ = {isa = PBXFileReference; lastKnownFileType = sourcecode.swift; path = MoreViewController.swift; sourceTree = "<group>"; };
		C34F1F95913A2A77C758C4E5 /* Pods-blooddonationTests.release.xcconfig */ = {isa = PBXFileReference; includeInIndex = 1; lastKnownFileType = text.xcconfig; name = "Pods-blooddonationTests.release.xcconfig"; path = "Target Support Files/Pods-blooddonationTests/Pods-blooddonationTests.release.xcconfig"; sourceTree = "<group>"; };
		C4CD9D218E568AA541757D16 /* Pods_blooddonationUITests.framework */ = {isa = PBXFileReference; explicitFileType = wrapper.framework; includeInIndex = 0; path = Pods_blooddonationUITests.framework; sourceTree = BUILT_PRODUCTS_DIR; };
		CCF43BA7F003377EFB95DC04 /* Pods-blooddonationTests.debug.xcconfig */ = {isa = PBXFileReference; includeInIndex = 1; lastKnownFileType = text.xcconfig; name = "Pods-blooddonationTests.debug.xcconfig"; path = "Target Support Files/Pods-blooddonationTests/Pods-blooddonationTests.debug.xcconfig"; sourceTree = "<group>"; };
		CD80E8720C99794A0D4B4364 /* Pods-blooddonationUITests.debug.xcconfig */ = {isa = PBXFileReference; includeInIndex = 1; lastKnownFileType = text.xcconfig; name = "Pods-blooddonationUITests.debug.xcconfig"; path = "Target Support Files/Pods-blooddonationUITests/Pods-blooddonationUITests.debug.xcconfig"; sourceTree = "<group>"; };
		CE44CA3722722CB100FA6DDB /* Post.swift */ = {isa = PBXFileReference; lastKnownFileType = sourcecode.swift; path = Post.swift; sourceTree = "<group>"; };
		CE44CA3A22722E6800FA6DDB /* UIPostCell.swift */ = {isa = PBXFileReference; lastKnownFileType = sourcecode.swift; path = UIPostCell.swift; sourceTree = "<group>"; };
		CE44CA3C2272498500FA6DDB /* HomeController.swift */ = {isa = PBXFileReference; lastKnownFileType = sourcecode.swift; path = HomeController.swift; sourceTree = "<group>"; };
		CE44CA3E2272AC2E00FA6DDB /* AddPostController.swift */ = {isa = PBXFileReference; lastKnownFileType = sourcecode.swift; path = AddPostController.swift; sourceTree = "<group>"; };
		CEFFE457228B84B50016674C /* MessageCell.swift */ = {isa = PBXFileReference; fileEncoding = 4; lastKnownFileType = sourcecode.swift; path = MessageCell.swift; sourceTree = "<group>"; };
		CEFFE458228B84B50016674C /* RecieverCell.swift */ = {isa = PBXFileReference; fileEncoding = 4; lastKnownFileType = sourcecode.swift; path = RecieverCell.swift; sourceTree = "<group>"; };
		CEFFE459228B84B50016674C /* ChatController.swift */ = {isa = PBXFileReference; fileEncoding = 4; lastKnownFileType = sourcecode.swift; path = ChatController.swift; sourceTree = "<group>"; };
		CEFFE45D228B84D10016674C /* Message.swift */ = {isa = PBXFileReference; fileEncoding = 4; lastKnownFileType = sourcecode.swift; path = Message.swift; sourceTree = "<group>"; };
		CEFFE4AC228B89480016674C /* GoogleService-Info.plist */ = {isa = PBXFileReference; fileEncoding = 4; lastKnownFileType = text.plist.xml; path = "GoogleService-Info.plist"; sourceTree = "<group>"; };
/* End PBXFileReference section */

/* Begin PBXFrameworksBuildPhase section */
		A97CED9C22666E0F008C674F /* Frameworks */ = {
			isa = PBXFrameworksBuildPhase;
			buildActionMask = 2147483647;
			files = (
				6ED5B26B9ACA9D7C77856D31 /* Pods_blooddonation.framework in Frameworks */,
			);
			runOnlyForDeploymentPostprocessing = 0;
		};
		A97CEDB022666E12008C674F /* Frameworks */ = {
			isa = PBXFrameworksBuildPhase;
			buildActionMask = 2147483647;
			files = (
				F3451C3C643C4A4BADBCB2D7 /* Pods_blooddonationTests.framework in Frameworks */,
			);
			runOnlyForDeploymentPostprocessing = 0;
		};
		A97CEDBB22666E12008C674F /* Frameworks */ = {
			isa = PBXFrameworksBuildPhase;
			buildActionMask = 2147483647;
			files = (
				B9F072F2EF074E4104ABC055 /* Pods_blooddonationUITests.framework in Frameworks */,
			);
			runOnlyForDeploymentPostprocessing = 0;
		};
/* End PBXFrameworksBuildPhase section */

/* Begin PBXGroup section */
		1666BFE5E1F5940BD769E437 /* Frameworks */ = {
			isa = PBXGroup;
			children = (
				50FE0B964136730529E7C359 /* Pods_blooddonation.framework */,
				A0362A3C054AF7491E284D3B /* Pods_blooddonationTests.framework */,
				C4CD9D218E568AA541757D16 /* Pods_blooddonationUITests.framework */,
			);
			name = Frameworks;
			sourceTree = "<group>";
		};
		971EF33E7E126E9133B97FEA /* Pods */ = {
			isa = PBXGroup;
			children = (
				0942F1B2CF14FFCD23F46DC0 /* Pods-blooddonation.debug.xcconfig */,
				8CD19682EF092C3447511129 /* Pods-blooddonation.release.xcconfig */,
				CCF43BA7F003377EFB95DC04 /* Pods-blooddonationTests.debug.xcconfig */,
				C34F1F95913A2A77C758C4E5 /* Pods-blooddonationTests.release.xcconfig */,
				CD80E8720C99794A0D4B4364 /* Pods-blooddonationUITests.debug.xcconfig */,
				58B8F8E987BABBE6AA15F9A4 /* Pods-blooddonationUITests.release.xcconfig */,
			);
			path = Pods;
			sourceTree = "<group>";
		};
		A97CED9622666E0F008C674F = {
			isa = PBXGroup;
			children = (
				A97CEDA122666E0F008C674F /* blooddonation */,
				A97CEDB622666E12008C674F /* blooddonationTests */,
				A97CEDC122666E12008C674F /* blooddonationUITests */,
				A97CEDA022666E0F008C674F /* Products */,
				971EF33E7E126E9133B97FEA /* Pods */,
				1666BFE5E1F5940BD769E437 /* Frameworks */,
			);
			sourceTree = "<group>";
		};
		A97CEDA022666E0F008C674F /* Products */ = {
			isa = PBXGroup;
			children = (
				A97CED9F22666E0F008C674F /* blooddonation.app */,
				A97CEDB322666E12008C674F /* blooddonationTests.xctest */,
				A97CEDBE22666E12008C674F /* blooddonationUITests.xctest */,
			);
			name = Products;
			sourceTree = "<group>";
		};
		A97CEDA122666E0F008C674F /* blooddonation */ = {
			isa = PBXGroup;
			children = (
				A9DF1046229762EC00FA3DB2 /* SurveyFirstQuestionViewController.swift */,
				A9A68CD72289DAE400A90C94 /* RequstsViewController.swift */,
				A9CA750622727E1F00524493 /* utility */,
				A9CA750322727DA000524493 /* service */,
				A9CA74FB2272147C00524493 /* model */,
				A97CEDAB22666E12008C674F /* LaunchScreen.storyboard */,
				A97CEDA622666E0F008C674F /* Main.storyboard */,
				A97CEDA222666E0F008C674F /* AppDelegate.swift */,
				A9CA74F72271FF2400524493 /* LoginViewController.swift */,
				A97CEDA422666E0F008C674F /* ViewController.swift */,
				CE44CA3C2272498500FA6DDB /* HomeController.swift */,
				A9CA74FE22721E4D00524493 /* BecomeDonorViewController.swift */,
				A9CA75092273031000524493 /* MapViewController.swift */,
				A9B3732A22851A7B00D055DD /* RequestBloodController.swift */,
				CE44CA3A22722E6800FA6DDB /* UIPostCell.swift */,
				CEFFE459228B84B50016674C /* ChatController.swift */,
				CEFFE457228B84B50016674C /* MessageCell.swift */,
				CEFFE458228B84B50016674C /* RecieverCell.swift */,
				CE44CA3E2272AC2E00FA6DDB /* AddPostController.swift */,
				A97CEDA922666E12008C674F /* Assets.xcassets */,
				CEFFE4AC228B89480016674C /* GoogleService-Info.plist */,
				A97CEDAE22666E12008C674F /* Info.plist */,
				A9CA750022721EDD00524493 /* blooddonation.xcdatamodeld */,
				A9DF10482297645500FA3DB2 /* SurveySecondQuestionViewController.swift */,
				A9DF104A2297646C00FA3DB2 /* SurveyThirdQuestionViewController.swift */,
				A9DF104C2297695200FA3DB2 /* MoreViewController.swift */,
				A958F61D22979177008CA1A1 /* SurveyForthQuestionViewController.swift */,
				A958F61F2297918C008CA1A1 /* SurveyFifthQuestionViewController.swift */,
			);
			path = blooddonation;
			sourceTree = "<group>";
		};
		A97CEDB622666E12008C674F /* blooddonationTests */ = {
			isa = PBXGroup;
			children = (
				A97CEDB722666E12008C674F /* blooddonationTests.swift */,
				A97CEDB922666E12008C674F /* Info.plist */,
			);
			path = blooddonationTests;
			sourceTree = "<group>";
		};
		A97CEDC122666E12008C674F /* blooddonationUITests */ = {
			isa = PBXGroup;
			children = (
				A97CEDC222666E12008C674F /* blooddonationUITests.swift */,
				A97CEDC422666E12008C674F /* Info.plist */,
			);
			path = blooddonationUITests;
			sourceTree = "<group>";
		};
		A9CA74FB2272147C00524493 /* model */ = {
			isa = PBXGroup;
			children = (
				CEFFE45D228B84D10016674C /* Message.swift */,
				A9CA74FC2272148F00524493 /* User.swift */,
				CE44CA3722722CB100FA6DDB /* Post.swift */,
				A9A68CD92289E7B700A90C94 /* Request.swift */,
			);
			path = model;
			sourceTree = "<group>";
		};
		A9CA750322727DA000524493 /* service */ = {
			isa = PBXGroup;
			children = (
				A9CA750422727DC700524493 /* DonorService.swift */,
				A9CA750B2273143F00524493 /* CenterService.swift */,
				A9B373282285177900D055DD /* RequestService.swift */,
			);
			path = service;
			sourceTree = "<group>";
		};
		A9CA750622727E1F00524493 /* utility */ = {
			isa = PBXGroup;
			children = (
				A9CA750722727E3900524493 /* Utility.swift */,
			);
			path = utility;
			sourceTree = "<group>";
		};
/* End PBXGroup section */

/* Begin PBXNativeTarget section */
		A97CED9E22666E0F008C674F /* blooddonation */ = {
			isa = PBXNativeTarget;
			buildConfigurationList = A97CEDC722666E12008C674F /* Build configuration list for PBXNativeTarget "blooddonation" */;
			buildPhases = (
				1F0431CB88E7482A2B0CDE23 /* [CP] Check Pods Manifest.lock */,
				A97CED9B22666E0F008C674F /* Sources */,
				A97CED9C22666E0F008C674F /* Frameworks */,
				A97CED9D22666E0F008C674F /* Resources */,
				00B2FD33B658C0FCE9706FBB /* [CP] Embed Pods Frameworks */,
				1CEC5BE5E7ABA97A6F9F44AD /* [CP] Copy Pods Resources */,
			);
			buildRules = (
			);
			dependencies = (
			);
			name = blooddonation;
			productName = blooddonation;
			productReference = A97CED9F22666E0F008C674F /* blooddonation.app */;
			productType = "com.apple.product-type.application";
		};
		A97CEDB222666E12008C674F /* blooddonationTests */ = {
			isa = PBXNativeTarget;
			buildConfigurationList = A97CEDCA22666E12008C674F /* Build configuration list for PBXNativeTarget "blooddonationTests" */;
			buildPhases = (
				410E25557A5DADC01400E8A6 /* [CP] Check Pods Manifest.lock */,
				A97CEDAF22666E12008C674F /* Sources */,
				A97CEDB022666E12008C674F /* Frameworks */,
				A97CEDB122666E12008C674F /* Resources */,
			);
			buildRules = (
			);
			dependencies = (
				A97CEDB522666E12008C674F /* PBXTargetDependency */,
			);
			name = blooddonationTests;
			productName = blooddonationTests;
			productReference = A97CEDB322666E12008C674F /* blooddonationTests.xctest */;
			productType = "com.apple.product-type.bundle.unit-test";
		};
		A97CEDBD22666E12008C674F /* blooddonationUITests */ = {
			isa = PBXNativeTarget;
			buildConfigurationList = A97CEDCD22666E12008C674F /* Build configuration list for PBXNativeTarget "blooddonationUITests" */;
			buildPhases = (
				599E4CC7250D5AFA7E93921D /* [CP] Check Pods Manifest.lock */,
				A97CEDBA22666E12008C674F /* Sources */,
				A97CEDBB22666E12008C674F /* Frameworks */,
				A97CEDBC22666E12008C674F /* Resources */,
			);
			buildRules = (
			);
			dependencies = (
				A97CEDC022666E12008C674F /* PBXTargetDependency */,
			);
			name = blooddonationUITests;
			productName = blooddonationUITests;
			productReference = A97CEDBE22666E12008C674F /* blooddonationUITests.xctest */;
			productType = "com.apple.product-type.bundle.ui-testing";
		};
/* End PBXNativeTarget section */

/* Begin PBXProject section */
		A97CED9722666E0F008C674F /* Project object */ = {
			isa = PBXProject;
			attributes = {
				LastSwiftUpdateCheck = 1020;
				LastUpgradeCheck = 1020;
				ORGANIZATIONNAME = Esprit;
				TargetAttributes = {
					A97CED9E22666E0F008C674F = {
						CreatedOnToolsVersion = 10.2;
						SystemCapabilities = {
							com.apple.Keychain = {
								enabled = 1;
							};
						};
					};
					A97CEDB222666E12008C674F = {
						CreatedOnToolsVersion = 10.2;
						TestTargetID = A97CED9E22666E0F008C674F;
					};
					A97CEDBD22666E12008C674F = {
						CreatedOnToolsVersion = 10.2;
						TestTargetID = A97CED9E22666E0F008C674F;
					};
				};
			};
			buildConfigurationList = A97CED9A22666E0F008C674F /* Build configuration list for PBXProject "blooddonation" */;
			compatibilityVersion = "Xcode 9.3";
			developmentRegion = en;
			hasScannedForEncodings = 0;
			knownRegions = (
				en,
				Base,
			);
			mainGroup = A97CED9622666E0F008C674F;
			productRefGroup = A97CEDA022666E0F008C674F /* Products */;
			projectDirPath = "";
			projectRoot = "";
			targets = (
				A97CED9E22666E0F008C674F /* blooddonation */,
				A97CEDB222666E12008C674F /* blooddonationTests */,
				A97CEDBD22666E12008C674F /* blooddonationUITests */,
			);
		};
/* End PBXProject section */

/* Begin PBXResourcesBuildPhase section */
		A97CED9D22666E0F008C674F /* Resources */ = {
			isa = PBXResourcesBuildPhase;
			buildActionMask = 2147483647;
			files = (
				A97CEDAD22666E12008C674F /* LaunchScreen.storyboard in Resources */,
				A97CEDAA22666E12008C674F /* Assets.xcassets in Resources */,
				CEFFE4AD228B89480016674C /* GoogleService-Info.plist in Resources */,
				A97CEDA822666E0F008C674F /* Main.storyboard in Resources */,
			);
			runOnlyForDeploymentPostprocessing = 0;
		};
		A97CEDB122666E12008C674F /* Resources */ = {
			isa = PBXResourcesBuildPhase;
			buildActionMask = 2147483647;
			files = (
			);
			runOnlyForDeploymentPostprocessing = 0;
		};
		A97CEDBC22666E12008C674F /* Resources */ = {
			isa = PBXResourcesBuildPhase;
			buildActionMask = 2147483647;
			files = (
			);
			runOnlyForDeploymentPostprocessing = 0;
		};
/* End PBXResourcesBuildPhase section */

/* Begin PBXShellScriptBuildPhase section */
		00B2FD33B658C0FCE9706FBB /* [CP] Embed Pods Frameworks */ = {
			isa = PBXShellScriptBuildPhase;
			buildActionMask = 2147483647;
			files = (
			);
			inputFileListPaths = (
			);
			inputPaths = (
				"${PODS_ROOT}/Target Support Files/Pods-blooddonation/Pods-blooddonation-frameworks.sh",
				"${BUILT_PRODUCTS_DIR}/Alamofire/Alamofire.framework",
				"${BUILT_PRODUCTS_DIR}/AlamofireImage/AlamofireImage.framework",
				"${BUILT_PRODUCTS_DIR}/Bolts/Bolts.framework",
				"${BUILT_PRODUCTS_DIR}/FBSDKCoreKit/FBSDKCoreKit.framework",
				"${BUILT_PRODUCTS_DIR}/FBSDKLoginKit/FBSDKLoginKit.framework",
				"${BUILT_PRODUCTS_DIR}/FBSDKShareKit/FBSDKShareKit.framework",
				"${BUILT_PRODUCTS_DIR}/FacebookCore/FacebookCore.framework",
				"${BUILT_PRODUCTS_DIR}/FacebookLogin/FacebookLogin.framework",
				"${BUILT_PRODUCTS_DIR}/FacebookShare/FacebookShare.framework",
				"${BUILT_PRODUCTS_DIR}/GTMSessionFetcher/GTMSessionFetcher.framework",
				"${BUILT_PRODUCTS_DIR}/GoogleToolboxForMac/GoogleToolboxForMac.framework",
				"${BUILT_PRODUCTS_DIR}/GoogleUtilities/GoogleUtilities.framework",
				"${PODS_ROOT}/Mapbox-iOS-SDK/dynamic/Mapbox.framework",
				"${PODS_ROOT}/Mapbox-iOS-SDK/dynamic/Mapbox.framework.dSYM",
				"${BUILT_PRODUCTS_DIR}/SMSegmentView/SMSegmentView.framework",
				"${BUILT_PRODUCTS_DIR}/SwiftyJSON/SwiftyJSON.framework",
				"${BUILT_PRODUCTS_DIR}/leveldb-library/leveldb.framework",
				"${BUILT_PRODUCTS_DIR}/nanopb/nanopb.framework",
			);
			name = "[CP] Embed Pods Frameworks";
			outputFileListPaths = (
			);
			outputPaths = (
				"${TARGET_BUILD_DIR}/${FRAMEWORKS_FOLDER_PATH}/Alamofire.framework",
				"${TARGET_BUILD_DIR}/${FRAMEWORKS_FOLDER_PATH}/AlamofireImage.framework",
				"${TARGET_BUILD_DIR}/${FRAMEWORKS_FOLDER_PATH}/Bolts.framework",
				"${TARGET_BUILD_DIR}/${FRAMEWORKS_FOLDER_PATH}/FBSDKCoreKit.framework",
				"${TARGET_BUILD_DIR}/${FRAMEWORKS_FOLDER_PATH}/FBSDKLoginKit.framework",
				"${TARGET_BUILD_DIR}/${FRAMEWORKS_FOLDER_PATH}/FBSDKShareKit.framework",
				"${TARGET_BUILD_DIR}/${FRAMEWORKS_FOLDER_PATH}/FacebookCore.framework",
				"${TARGET_BUILD_DIR}/${FRAMEWORKS_FOLDER_PATH}/FacebookLogin.framework",
				"${TARGET_BUILD_DIR}/${FRAMEWORKS_FOLDER_PATH}/FacebookShare.framework",
				"${TARGET_BUILD_DIR}/${FRAMEWORKS_FOLDER_PATH}/GTMSessionFetcher.framework",
				"${TARGET_BUILD_DIR}/${FRAMEWORKS_FOLDER_PATH}/GoogleToolboxForMac.framework",
				"${TARGET_BUILD_DIR}/${FRAMEWORKS_FOLDER_PATH}/GoogleUtilities.framework",
				"${TARGET_BUILD_DIR}/${FRAMEWORKS_FOLDER_PATH}/Mapbox.framework",
				"${DWARF_DSYM_FOLDER_PATH}/Mapbox.framework.dSYM",
				"${TARGET_BUILD_DIR}/${FRAMEWORKS_FOLDER_PATH}/SMSegmentView.framework",
				"${TARGET_BUILD_DIR}/${FRAMEWORKS_FOLDER_PATH}/SwiftyJSON.framework",
				"${TARGET_BUILD_DIR}/${FRAMEWORKS_FOLDER_PATH}/leveldb.framework",
				"${TARGET_BUILD_DIR}/${FRAMEWORKS_FOLDER_PATH}/nanopb.framework",
			);
			runOnlyForDeploymentPostprocessing = 0;
			shellPath = /bin/sh;
			shellScript = "\"${PODS_ROOT}/Target Support Files/Pods-blooddonation/Pods-blooddonation-frameworks.sh\"\n";
			showEnvVarsInLog = 0;
		};
		1CEC5BE5E7ABA97A6F9F44AD /* [CP] Copy Pods Resources */ = {
			isa = PBXShellScriptBuildPhase;
			buildActionMask = 2147483647;
			files = (
			);
			inputFileListPaths = (
			);
			inputPaths = (
				"${PODS_ROOT}/Target Support Files/Pods-blooddonation/Pods-blooddonation-resources.sh",
				"${PODS_ROOT}/GoogleSignIn/Resources/GoogleSignIn.bundle",
			);
			name = "[CP] Copy Pods Resources";
			outputFileListPaths = (
			);
			outputPaths = (
				"${TARGET_BUILD_DIR}/${UNLOCALIZED_RESOURCES_FOLDER_PATH}/GoogleSignIn.bundle",
			);
			runOnlyForDeploymentPostprocessing = 0;
			shellPath = /bin/sh;
			shellScript = "\"${PODS_ROOT}/Target Support Files/Pods-blooddonation/Pods-blooddonation-resources.sh\"\n";
			showEnvVarsInLog = 0;
		};
		1F0431CB88E7482A2B0CDE23 /* [CP] Check Pods Manifest.lock */ = {
			isa = PBXShellScriptBuildPhase;
			buildActionMask = 2147483647;
			files = (
			);
			inputFileListPaths = (
			);
			inputPaths = (
				"${PODS_PODFILE_DIR_PATH}/Podfile.lock",
				"${PODS_ROOT}/Manifest.lock",
			);
			name = "[CP] Check Pods Manifest.lock";
			outputFileListPaths = (
			);
			outputPaths = (
				"$(DERIVED_FILE_DIR)/Pods-blooddonation-checkManifestLockResult.txt",
			);
			runOnlyForDeploymentPostprocessing = 0;
			shellPath = /bin/sh;
			shellScript = "diff \"${PODS_PODFILE_DIR_PATH}/Podfile.lock\" \"${PODS_ROOT}/Manifest.lock\" > /dev/null\nif [ $? != 0 ] ; then\n    # print error to STDERR\n    echo \"error: The sandbox is not in sync with the Podfile.lock. Run 'pod install' or update your CocoaPods installation.\" >&2\n    exit 1\nfi\n# This output is used by Xcode 'outputs' to avoid re-running this script phase.\necho \"SUCCESS\" > \"${SCRIPT_OUTPUT_FILE_0}\"\n";
			showEnvVarsInLog = 0;
		};
		410E25557A5DADC01400E8A6 /* [CP] Check Pods Manifest.lock */ = {
			isa = PBXShellScriptBuildPhase;
			buildActionMask = 2147483647;
			files = (
			);
			inputFileListPaths = (
			);
			inputPaths = (
				"${PODS_PODFILE_DIR_PATH}/Podfile.lock",
				"${PODS_ROOT}/Manifest.lock",
			);
			name = "[CP] Check Pods Manifest.lock";
			outputFileListPaths = (
			);
			outputPaths = (
				"$(DERIVED_FILE_DIR)/Pods-blooddonationTests-checkManifestLockResult.txt",
			);
			runOnlyForDeploymentPostprocessing = 0;
			shellPath = /bin/sh;
			shellScript = "diff \"${PODS_PODFILE_DIR_PATH}/Podfile.lock\" \"${PODS_ROOT}/Manifest.lock\" > /dev/null\nif [ $? != 0 ] ; then\n    # print error to STDERR\n    echo \"error: The sandbox is not in sync with the Podfile.lock. Run 'pod install' or update your CocoaPods installation.\" >&2\n    exit 1\nfi\n# This output is used by Xcode 'outputs' to avoid re-running this script phase.\necho \"SUCCESS\" > \"${SCRIPT_OUTPUT_FILE_0}\"\n";
			showEnvVarsInLog = 0;
		};
		599E4CC7250D5AFA7E93921D /* [CP] Check Pods Manifest.lock */ = {
			isa = PBXShellScriptBuildPhase;
			buildActionMask = 2147483647;
			files = (
			);
			inputFileListPaths = (
			);
			inputPaths = (
				"${PODS_PODFILE_DIR_PATH}/Podfile.lock",
				"${PODS_ROOT}/Manifest.lock",
			);
			name = "[CP] Check Pods Manifest.lock";
			outputFileListPaths = (
			);
			outputPaths = (
				"$(DERIVED_FILE_DIR)/Pods-blooddonationUITests-checkManifestLockResult.txt",
			);
			runOnlyForDeploymentPostprocessing = 0;
			shellPath = /bin/sh;
			shellScript = "diff \"${PODS_PODFILE_DIR_PATH}/Podfile.lock\" \"${PODS_ROOT}/Manifest.lock\" > /dev/null\nif [ $? != 0 ] ; then\n    # print error to STDERR\n    echo \"error: The sandbox is not in sync with the Podfile.lock. Run 'pod install' or update your CocoaPods installation.\" >&2\n    exit 1\nfi\n# This output is used by Xcode 'outputs' to avoid re-running this script phase.\necho \"SUCCESS\" > \"${SCRIPT_OUTPUT_FILE_0}\"\n";
			showEnvVarsInLog = 0;
		};
/* End PBXShellScriptBuildPhase section */

/* Begin PBXSourcesBuildPhase section */
		A97CED9B22666E0F008C674F /* Sources */ = {
			isa = PBXSourcesBuildPhase;
			buildActionMask = 2147483647;
			files = (
				A9406EFF228B9C22006C6805 /* (null) in Sources */,
				A9CA74FD2272148F00524493 /* User.swift in Sources */,
				A9DF104B2297646C00FA3DB2 /* SurveyThirdQuestionViewController.swift in Sources */,
				CE44CA3B22722E6800FA6DDB /* UIPostCell.swift in Sources */,
				CE44CA3D2272498500FA6DDB /* HomeController.swift in Sources */,
				A9CA74F82271FF2400524493 /* LoginViewController.swift in Sources */,
				A9DF1047229762EC00FA3DB2 /* SurveyFirstQuestionViewController.swift in Sources */,
				A9B3732B22851A7B00D055DD /* RequestBloodController.swift in Sources */,
				A9CA750C2273143F00524493 /* CenterService.swift in Sources */,
				CEFFE45B228B84B50016674C /* RecieverCell.swift in Sources */,
				A97CEDA522666E0F008C674F /* ViewController.swift in Sources */,
				A9DF104D2297695200FA3DB2 /* MoreViewController.swift in Sources */,
				A9CA74FF22721E4D00524493 /* BecomeDonorViewController.swift in Sources */,
				CEFFE45C228B84B50016674C /* ChatController.swift in Sources */,
				A9CA750A2273031000524493 /* MapViewController.swift in Sources */,
				A9CA750822727E3900524493 /* Utility.swift in Sources */,
				A958F61E22979177008CA1A1 /* SurveyForthQuestionViewController.swift in Sources */,
				A9CA750222721EDD00524493 /* blooddonation.xcdatamodeld in Sources */,
				A9CA750522727DC700524493 /* DonorService.swift in Sources */,
				A9A68CD82289DAE400A90C94 /* RequstsViewController.swift in Sources */,
				CE44CA3F2272AC2E00FA6DDB /* AddPostController.swift in Sources */,
				A97CEDA322666E0F008C674F /* AppDelegate.swift in Sources */,
				A9B373292285177900D055DD /* RequestService.swift in Sources */,
				CE44CA3F2272AC2E00FA6DDB /* AddPostController.swift in Sources */,
				A9A68CDA2289E7B700A90C94 /* Request.swift in Sources */,
				A958F6202297918C008CA1A1 /* SurveyFifthQuestionViewController.swift in Sources */,
				A9DF10492297645500FA3DB2 /* SurveySecondQuestionViewController.swift in Sources */,
				A97CEDA322666E0F008C674F /* AppDelegate.swift in Sources */,
				CEFFE45E228B84D10016674C /* Message.swift in Sources */,
				CE44CA3822722CB100FA6DDB /* Post.swift in Sources */,
				CEFFE45A228B84B50016674C /* MessageCell.swift in Sources */,
			);
			runOnlyForDeploymentPostprocessing = 0;
		};
		A97CEDAF22666E12008C674F /* Sources */ = {
			isa = PBXSourcesBuildPhase;
			buildActionMask = 2147483647;
			files = (
				A97CEDB822666E12008C674F /* blooddonationTests.swift in Sources */,
			);
			runOnlyForDeploymentPostprocessing = 0;
		};
		A97CEDBA22666E12008C674F /* Sources */ = {
			isa = PBXSourcesBuildPhase;
			buildActionMask = 2147483647;
			files = (
				A97CEDC322666E12008C674F /* blooddonationUITests.swift in Sources */,
			);
			runOnlyForDeploymentPostprocessing = 0;
		};
/* End PBXSourcesBuildPhase section */

/* Begin PBXTargetDependency section */
		A97CEDB522666E12008C674F /* PBXTargetDependency */ = {
			isa = PBXTargetDependency;
			target = A97CED9E22666E0F008C674F /* blooddonation */;
			targetProxy = A97CEDB422666E12008C674F /* PBXContainerItemProxy */;
		};
		A97CEDC022666E12008C674F /* PBXTargetDependency */ = {
			isa = PBXTargetDependency;
			target = A97CED9E22666E0F008C674F /* blooddonation */;
			targetProxy = A97CEDBF22666E12008C674F /* PBXContainerItemProxy */;
		};
/* End PBXTargetDependency section */

/* Begin PBXVariantGroup section */
		A97CEDA622666E0F008C674F /* Main.storyboard */ = {
			isa = PBXVariantGroup;
			children = (
				A97CEDA722666E0F008C674F /* Base */,
			);
			name = Main.storyboard;
			sourceTree = "<group>";
		};
		A97CEDAB22666E12008C674F /* LaunchScreen.storyboard */ = {
			isa = PBXVariantGroup;
			children = (
				A97CEDAC22666E12008C674F /* Base */,
			);
			name = LaunchScreen.storyboard;
			sourceTree = "<group>";
		};
/* End PBXVariantGroup section */

/* Begin XCBuildConfiguration section */
		A97CEDC522666E12008C674F /* Debug */ = {
			isa = XCBuildConfiguration;
			buildSettings = {
				ALWAYS_SEARCH_USER_PATHS = NO;
				CLANG_ANALYZER_NONNULL = YES;
				CLANG_ANALYZER_NUMBER_OBJECT_CONVERSION = YES_AGGRESSIVE;
				CLANG_CXX_LANGUAGE_STANDARD = "gnu++14";
				CLANG_CXX_LIBRARY = "libc++";
				CLANG_ENABLE_MODULES = YES;
				CLANG_ENABLE_OBJC_ARC = YES;
				CLANG_ENABLE_OBJC_WEAK = YES;
				CLANG_WARN_BLOCK_CAPTURE_AUTORELEASING = YES;
				CLANG_WARN_BOOL_CONVERSION = YES;
				CLANG_WARN_COMMA = YES;
				CLANG_WARN_CONSTANT_CONVERSION = YES;
				CLANG_WARN_DEPRECATED_OBJC_IMPLEMENTATIONS = YES;
				CLANG_WARN_DIRECT_OBJC_ISA_USAGE = YES_ERROR;
				CLANG_WARN_DOCUMENTATION_COMMENTS = YES;
				CLANG_WARN_EMPTY_BODY = YES;
				CLANG_WARN_ENUM_CONVERSION = YES;
				CLANG_WARN_INFINITE_RECURSION = YES;
				CLANG_WARN_INT_CONVERSION = YES;
				CLANG_WARN_NON_LITERAL_NULL_CONVERSION = YES;
				CLANG_WARN_OBJC_IMPLICIT_RETAIN_SELF = YES;
				CLANG_WARN_OBJC_LITERAL_CONVERSION = YES;
				CLANG_WARN_OBJC_ROOT_CLASS = YES_ERROR;
				CLANG_WARN_RANGE_LOOP_ANALYSIS = YES;
				CLANG_WARN_STRICT_PROTOTYPES = YES;
				CLANG_WARN_SUSPICIOUS_MOVE = YES;
				CLANG_WARN_UNGUARDED_AVAILABILITY = YES_AGGRESSIVE;
				CLANG_WARN_UNREACHABLE_CODE = YES;
				CLANG_WARN__DUPLICATE_METHOD_MATCH = YES;
				CODE_SIGN_IDENTITY = "iPhone Developer";
				COPY_PHASE_STRIP = NO;
				DEBUG_INFORMATION_FORMAT = dwarf;
				ENABLE_STRICT_OBJC_MSGSEND = YES;
				ENABLE_TESTABILITY = YES;
				GCC_C_LANGUAGE_STANDARD = gnu11;
				GCC_DYNAMIC_NO_PIC = NO;
				GCC_NO_COMMON_BLOCKS = YES;
				GCC_OPTIMIZATION_LEVEL = 0;
				GCC_PREPROCESSOR_DEFINITIONS = (
					"DEBUG=1",
					"$(inherited)",
				);
				GCC_WARN_64_TO_32_BIT_CONVERSION = YES;
				GCC_WARN_ABOUT_RETURN_TYPE = YES_ERROR;
				GCC_WARN_UNDECLARED_SELECTOR = YES;
				GCC_WARN_UNINITIALIZED_AUTOS = YES_AGGRESSIVE;
				GCC_WARN_UNUSED_FUNCTION = YES;
				GCC_WARN_UNUSED_VARIABLE = YES;
				IPHONEOS_DEPLOYMENT_TARGET = 12.2;
				MTL_ENABLE_DEBUG_INFO = INCLUDE_SOURCE;
				MTL_FAST_MATH = YES;
				ONLY_ACTIVE_ARCH = YES;
				SDKROOT = iphoneos;
				SWIFT_ACTIVE_COMPILATION_CONDITIONS = DEBUG;
				SWIFT_OPTIMIZATION_LEVEL = "-Onone";
			};
			name = Debug;
		};
		A97CEDC622666E12008C674F /* Release */ = {
			isa = XCBuildConfiguration;
			buildSettings = {
				ALWAYS_SEARCH_USER_PATHS = NO;
				CLANG_ANALYZER_NONNULL = YES;
				CLANG_ANALYZER_NUMBER_OBJECT_CONVERSION = YES_AGGRESSIVE;
				CLANG_CXX_LANGUAGE_STANDARD = "gnu++14";
				CLANG_CXX_LIBRARY = "libc++";
				CLANG_ENABLE_MODULES = YES;
				CLANG_ENABLE_OBJC_ARC = YES;
				CLANG_ENABLE_OBJC_WEAK = YES;
				CLANG_WARN_BLOCK_CAPTURE_AUTORELEASING = YES;
				CLANG_WARN_BOOL_CONVERSION = YES;
				CLANG_WARN_COMMA = YES;
				CLANG_WARN_CONSTANT_CONVERSION = YES;
				CLANG_WARN_DEPRECATED_OBJC_IMPLEMENTATIONS = YES;
				CLANG_WARN_DIRECT_OBJC_ISA_USAGE = YES_ERROR;
				CLANG_WARN_DOCUMENTATION_COMMENTS = YES;
				CLANG_WARN_EMPTY_BODY = YES;
				CLANG_WARN_ENUM_CONVERSION = YES;
				CLANG_WARN_INFINITE_RECURSION = YES;
				CLANG_WARN_INT_CONVERSION = YES;
				CLANG_WARN_NON_LITERAL_NULL_CONVERSION = YES;
				CLANG_WARN_OBJC_IMPLICIT_RETAIN_SELF = YES;
				CLANG_WARN_OBJC_LITERAL_CONVERSION = YES;
				CLANG_WARN_OBJC_ROOT_CLASS = YES_ERROR;
				CLANG_WARN_RANGE_LOOP_ANALYSIS = YES;
				CLANG_WARN_STRICT_PROTOTYPES = YES;
				CLANG_WARN_SUSPICIOUS_MOVE = YES;
				CLANG_WARN_UNGUARDED_AVAILABILITY = YES_AGGRESSIVE;
				CLANG_WARN_UNREACHABLE_CODE = YES;
				CLANG_WARN__DUPLICATE_METHOD_MATCH = YES;
				CODE_SIGN_IDENTITY = "iPhone Developer";
				COPY_PHASE_STRIP = NO;
				DEBUG_INFORMATION_FORMAT = "dwarf-with-dsym";
				ENABLE_NS_ASSERTIONS = NO;
				ENABLE_STRICT_OBJC_MSGSEND = YES;
				GCC_C_LANGUAGE_STANDARD = gnu11;
				GCC_NO_COMMON_BLOCKS = YES;
				GCC_WARN_64_TO_32_BIT_CONVERSION = YES;
				GCC_WARN_ABOUT_RETURN_TYPE = YES_ERROR;
				GCC_WARN_UNDECLARED_SELECTOR = YES;
				GCC_WARN_UNINITIALIZED_AUTOS = YES_AGGRESSIVE;
				GCC_WARN_UNUSED_FUNCTION = YES;
				GCC_WARN_UNUSED_VARIABLE = YES;
				IPHONEOS_DEPLOYMENT_TARGET = 12.2;
				MTL_ENABLE_DEBUG_INFO = NO;
				MTL_FAST_MATH = YES;
				SDKROOT = iphoneos;
				SWIFT_COMPILATION_MODE = wholemodule;
				SWIFT_OPTIMIZATION_LEVEL = "-O";
				VALIDATE_PRODUCT = YES;
			};
			name = Release;
		};
		A97CEDC822666E12008C674F /* Debug */ = {
			isa = XCBuildConfiguration;
			baseConfigurationReference = 0942F1B2CF14FFCD23F46DC0 /* Pods-blooddonation.debug.xcconfig */;
			buildSettings = {
				ASSETCATALOG_COMPILER_APPICON_NAME = AppIcon;
				CODE_SIGN_ENTITLEMENTS = blooddonation/blooddonation.entitlements;
				CODE_SIGN_STYLE = Automatic;
				DEVELOPMENT_TEAM = N4S5YR7Z9Z;
				INFOPLIST_FILE = blooddonation/Info.plist;
				IPHONEOS_DEPLOYMENT_TARGET = 12.1;
				LD_RUNPATH_SEARCH_PATHS = (
					"$(inherited)",
					"@executable_path/Frameworks",
				);
				PRODUCT_BUNDLE_IDENTIFIER = tn.esprit.app.blooddonation1;
				PRODUCT_NAME = "$(TARGET_NAME)";
				SWIFT_VERSION = 5.0;
				TARGETED_DEVICE_FAMILY = 1;
			};
			name = Debug;
		};
		A97CEDC922666E12008C674F /* Release */ = {
			isa = XCBuildConfiguration;
			baseConfigurationReference = 8CD19682EF092C3447511129 /* Pods-blooddonation.release.xcconfig */;
			buildSettings = {
				ASSETCATALOG_COMPILER_APPICON_NAME = AppIcon;
				CODE_SIGN_ENTITLEMENTS = blooddonation/blooddonation.entitlements;
				CODE_SIGN_STYLE = Automatic;
				DEVELOPMENT_TEAM = N4S5YR7Z9Z;
				INFOPLIST_FILE = blooddonation/Info.plist;
				IPHONEOS_DEPLOYMENT_TARGET = 12.1;
				LD_RUNPATH_SEARCH_PATHS = (
					"$(inherited)",
					"@executable_path/Frameworks",
				);
				PRODUCT_BUNDLE_IDENTIFIER = tn.esprit.app.blooddonation1;
				PRODUCT_NAME = "$(TARGET_NAME)";
				SWIFT_VERSION = 5.0;
				TARGETED_DEVICE_FAMILY = 1;
			};
			name = Release;
		};
		A97CEDCB22666E12008C674F /* Debug */ = {
			isa = XCBuildConfiguration;
			baseConfigurationReference = CCF43BA7F003377EFB95DC04 /* Pods-blooddonationTests.debug.xcconfig */;
			buildSettings = {
				ALWAYS_EMBED_SWIFT_STANDARD_LIBRARIES = YES;
				BUNDLE_LOADER = "$(TEST_HOST)";
				CODE_SIGN_STYLE = Automatic;
				INFOPLIST_FILE = blooddonationTests/Info.plist;
				LD_RUNPATH_SEARCH_PATHS = (
					"$(inherited)",
					"@executable_path/Frameworks",
					"@loader_path/Frameworks",
				);
				PRODUCT_BUNDLE_IDENTIFIER = com.boostiny.app.blooddonationTests;
				PRODUCT_NAME = "$(TARGET_NAME)";
				SWIFT_VERSION = 5.0;
				TARGETED_DEVICE_FAMILY = "1,2";
				TEST_HOST = "$(BUILT_PRODUCTS_DIR)/blooddonation.app/blooddonation";
			};
			name = Debug;
		};
		A97CEDCC22666E12008C674F /* Release */ = {
			isa = XCBuildConfiguration;
			baseConfigurationReference = C34F1F95913A2A77C758C4E5 /* Pods-blooddonationTests.release.xcconfig */;
			buildSettings = {
				ALWAYS_EMBED_SWIFT_STANDARD_LIBRARIES = YES;
				BUNDLE_LOADER = "$(TEST_HOST)";
				CODE_SIGN_STYLE = Automatic;
				INFOPLIST_FILE = blooddonationTests/Info.plist;
				LD_RUNPATH_SEARCH_PATHS = (
					"$(inherited)",
					"@executable_path/Frameworks",
					"@loader_path/Frameworks",
				);
				PRODUCT_BUNDLE_IDENTIFIER = com.boostiny.app.blooddonationTests;
				PRODUCT_NAME = "$(TARGET_NAME)";
				SWIFT_VERSION = 5.0;
				TARGETED_DEVICE_FAMILY = "1,2";
				TEST_HOST = "$(BUILT_PRODUCTS_DIR)/blooddonation.app/blooddonation";
			};
			name = Release;
		};
		A97CEDCE22666E12008C674F /* Debug */ = {
			isa = XCBuildConfiguration;
			baseConfigurationReference = CD80E8720C99794A0D4B4364 /* Pods-blooddonationUITests.debug.xcconfig */;
			buildSettings = {
				ALWAYS_EMBED_SWIFT_STANDARD_LIBRARIES = YES;
				CODE_SIGN_STYLE = Automatic;
				INFOPLIST_FILE = blooddonationUITests/Info.plist;
				LD_RUNPATH_SEARCH_PATHS = (
					"$(inherited)",
					"@executable_path/Frameworks",
					"@loader_path/Frameworks",
				);
				PRODUCT_BUNDLE_IDENTIFIER = com.boostiny.app.blooddonationUITests;
				PRODUCT_NAME = "$(TARGET_NAME)";
				SWIFT_VERSION = 5.0;
				TARGETED_DEVICE_FAMILY = "1,2";
				TEST_TARGET_NAME = blooddonation;
			};
			name = Debug;
		};
		A97CEDCF22666E12008C674F /* Release */ = {
			isa = XCBuildConfiguration;
			baseConfigurationReference = 58B8F8E987BABBE6AA15F9A4 /* Pods-blooddonationUITests.release.xcconfig */;
			buildSettings = {
				ALWAYS_EMBED_SWIFT_STANDARD_LIBRARIES = YES;
				CODE_SIGN_STYLE = Automatic;
				INFOPLIST_FILE = blooddonationUITests/Info.plist;
				LD_RUNPATH_SEARCH_PATHS = (
					"$(inherited)",
					"@executable_path/Frameworks",
					"@loader_path/Frameworks",
				);
				PRODUCT_BUNDLE_IDENTIFIER = com.boostiny.app.blooddonationUITests;
				PRODUCT_NAME = "$(TARGET_NAME)";
				SWIFT_VERSION = 5.0;
				TARGETED_DEVICE_FAMILY = "1,2";
				TEST_TARGET_NAME = blooddonation;
			};
			name = Release;
		};
/* End XCBuildConfiguration section */

/* Begin XCConfigurationList section */
		A97CED9A22666E0F008C674F /* Build configuration list for PBXProject "blooddonation" */ = {
			isa = XCConfigurationList;
			buildConfigurations = (
				A97CEDC522666E12008C674F /* Debug */,
				A97CEDC622666E12008C674F /* Release */,
			);
			defaultConfigurationIsVisible = 0;
			defaultConfigurationName = Release;
		};
		A97CEDC722666E12008C674F /* Build configuration list for PBXNativeTarget "blooddonation" */ = {
			isa = XCConfigurationList;
			buildConfigurations = (
				A97CEDC822666E12008C674F /* Debug */,
				A97CEDC922666E12008C674F /* Release */,
			);
			defaultConfigurationIsVisible = 0;
			defaultConfigurationName = Release;
		};
		A97CEDCA22666E12008C674F /* Build configuration list for PBXNativeTarget "blooddonationTests" */ = {
			isa = XCConfigurationList;
			buildConfigurations = (
				A97CEDCB22666E12008C674F /* Debug */,
				A97CEDCC22666E12008C674F /* Release */,
			);
			defaultConfigurationIsVisible = 0;
			defaultConfigurationName = Release;
		};
		A97CEDCD22666E12008C674F /* Build configuration list for PBXNativeTarget "blooddonationUITests" */ = {
			isa = XCConfigurationList;
			buildConfigurations = (
				A97CEDCE22666E12008C674F /* Debug */,
				A97CEDCF22666E12008C674F /* Release */,
			);
			defaultConfigurationIsVisible = 0;
			defaultConfigurationName = Release;
		};
/* End XCConfigurationList section */

/* Begin XCVersionGroup section */
		A9CA750022721EDD00524493 /* blooddonation.xcdatamodeld */ = {
			isa = XCVersionGroup;
			children = (
				A9CA750122721EDD00524493 /* blooddonation.xcdatamodel */,
			);
			currentVersion = A9CA750122721EDD00524493 /* blooddonation.xcdatamodel */;
			path = blooddonation.xcdatamodeld;
			sourceTree = "<group>";
			versionGroupType = wrapper.xcdatamodel;
		};
/* End XCVersionGroup section */
	};
	rootObject = A97CED9722666E0F008C674F /* Project object */;
}
